
Microsoft Visual Studio Solution File, Format Version 12.00
# Visual Studio 15
VisualStudioVersion = 15.0.28307.329
MinimumVisualStudioVersion = 10.0.40219.1
Project("{E24C65DC-7377-472B-9ABA-BC803B73C61A}") = "Final_Project", ".", "{A8B27601-DA23-4E40-AB44-9BC3A16AF0E4}"
	ProjectSection(WebsiteProperties) = preProject
		TargetFrameworkMoniker = ".NETFramework,Version%3Dv4.0"
		Debug.AspNetCompiler.VirtualPath = "/localhost_59170"
		Debug.AspNetCompiler.PhysicalPath = "..\Final_Project\"
		Debug.AspNetCompiler.TargetPath = "PrecompiledWeb\localhost_59170\"
		Debug.AspNetCompiler.Updateable = "true"
		Debug.AspNetCompiler.ForceOverwrite = "true"
		Debug.AspNetCompiler.FixedNames = "false"
		Debug.AspNetCompiler.Debug = "True"
		Release.AspNetCompiler.VirtualPath = "/localhost_59170"
		Release.AspNetCompiler.PhysicalPath = "..\Final_Project\"
		Release.AspNetCompiler.TargetPath = "PrecompiledWeb\localhost_59170\"
		Release.AspNetCompiler.Updateable = "true"
		Release.AspNetCompiler.ForceOverwrite = "true"
		Release.AspNetCompiler.FixedNames = "false"
		Release.AspNetCompiler.Debug = "False"
		VWDPort = "59170"
		SlnRelativePath = "..\Final_Project\"
	EndProjectSection
EndProject
Global
	GlobalSection(SolutionConfigurationPlatforms) = preSolution
		Debug|Any CPU = Debug|Any CPU
	EndGlobalSection
	GlobalSection(ProjectConfigurationPlatforms) = postSolution
		{A8B27601-DA23-4E40-AB44-9BC3A16AF0E4}.Debug|Any CPU.ActiveCfg = Debug|Any CPU
		{A8B27601-DA23-4E40-AB44-9BC3A16AF0E4}.Debug|Any CPU.Build.0 = Debug|Any CPU
	EndGlobalSection
	GlobalSection(SolutionProperties) = preSolution
		HideSolutionNode = FALSE
	EndGlobalSection
	GlobalSection(ExtensibilityGlobals) = postSolution
		SolutionGuid = {3564FF78-C739-4554-9225-AE24EBFBA7C8}
	EndGlobalSection
EndGlobal
